
Microsoft Visual Studio Solution File, Format Version 12.00
# Visual Studio Version 16
VisualStudioVersion = 16.0.29215.179
MinimumVisualStudioVersion = 10.0.40219.1
Project("{FAE04EC0-301F-11D3-BF4B-00C04F79EFBC}") = "Calculator", "Calculator\Calculator.csproj", "{F62E4054-939C-41E4-B0A4-D9F6C2463899}"
EndProject
Global
	GlobalSection(SolutionConfigurationPlatforms) = preSolution
		Debug|Any CPU = Debug|Any CPU
		Release|Any CPU = Release|Any CPU
	EndGlobalSection
	GlobalSection(ProjectConfigurationPlatforms) = postSolution
		{F62E4054-939C-41E4-B0A4-D9F6C2463899}.Debug|Any CPU.ActiveCfg = Debug|Any CPU
		{F62E4054-939C-41E4-B0A4-D9F6C2463899}.Debug|Any CPU.Build.0 = Debug|Any CPU
		{F62E4054-939C-41E4-B0A4-D9F6C2463899}.Release|Any CPU.ActiveCfg = Release|Any CPU
		{F62E4054-939C-41E4-B0A4-D9F6C2463899}.Release|Any CPU.Build.0 = Release|Any CPU
	EndGlobalSection
	GlobalSection(SolutionProperties) = preSolution
		HideSolutionNode = FALSE
	EndGlobalSection
	GlobalSection(ExtensibilityGlobals) = postSolution
		SolutionGuid = {35F96993-F66A-4484-9AA8-31CDD3250B95}
	EndGlobalSection
EndGlobal
